// !$*UTF8*$!
{
	archiveVersion = 1;
	classes = {
	};
	objectVersion = 51;
	objects = {

/* Begin PBXBuildFile section */
		127408302D47A47610C604E6 /* Pods_BurntToast.framework in Frameworks */ = {isa = PBXBuildFile; fileRef = 8ABDA0BA76A91FCC3D3B2C10 /* Pods_BurntToast.framework */; };
		2909DD5B236F774400B24AB2 /* Onboarding.storyboard in Resources */ = {isa = PBXBuildFile; fileRef = 2909DD5A236F774400B24AB2 /* Onboarding.storyboard */; };
		2909DD5D236F7D1D00B24AB2 /* WalkthroughContentViewController.swift in Sources */ = {isa = PBXBuildFile; fileRef = 2909DD5C236F7D1D00B24AB2 /* WalkthroughContentViewController.swift */; };
		2909DD5F236F7F8600B24AB2 /* WalkthroughPageViewController.swift in Sources */ = {isa = PBXBuildFile; fileRef = 2909DD5E236F7F8600B24AB2 /* WalkthroughPageViewController.swift */; };
		2909DD61236F857C00B24AB2 /* WalkthroughViewController.swift in Sources */ = {isa = PBXBuildFile; fileRef = 2909DD60236F857C00B24AB2 /* WalkthroughViewController.swift */; };
		2935E84122605E0B004A18A7 /* AppDelegate.swift in Sources */ = {isa = PBXBuildFile; fileRef = 2935E84022605E0A004A18A7 /* AppDelegate.swift */; };
		2935E84622605E0B004A18A7 /* Main.storyboard in Resources */ = {isa = PBXBuildFile; fileRef = 2935E84422605E0B004A18A7 /* Main.storyboard */; };
		2935E84822605E0C004A18A7 /* Assets.xcassets in Resources */ = {isa = PBXBuildFile; fileRef = 2935E84722605E0C004A18A7 /* Assets.xcassets */; };
		2935E84B22605E0C004A18A7 /* LaunchScreen.storyboard in Resources */ = {isa = PBXBuildFile; fileRef = 2935E84922605E0C004A18A7 /* LaunchScreen.storyboard */; };
		2935E85622605E0C004A18A7 /* BurntToastTests.swift in Sources */ = {isa = PBXBuildFile; fileRef = 2935E85522605E0C004A18A7 /* BurntToastTests.swift */; };
		2935E86122605E0C004A18A7 /* BurntToastUITests.swift in Sources */ = {isa = PBXBuildFile; fileRef = 2935E86022605E0C004A18A7 /* BurntToastUITests.swift */; };
		295E790E236F9404006FE93E /* AcknowledgementsList.swift in Sources */ = {isa = PBXBuildFile; fileRef = 295E790D236F9404006FE93E /* AcknowledgementsList.swift */; };
		298214452340532A00DD7D71 /* GoogleService-Info.plist in Resources */ = {isa = PBXBuildFile; fileRef = 298214442340532A00DD7D71 /* GoogleService-Info.plist */; };
		2982144923405FB900DD7D71 /* UIView+Extensions.swift in Sources */ = {isa = PBXBuildFile; fileRef = 2982144823405FB900DD7D71 /* UIView+Extensions.swift */; };
		298214512340669200DD7D71 /* CreateButton.swift in Sources */ = {isa = PBXBuildFile; fileRef = 298214502340669200DD7D71 /* CreateButton.swift */; };
		298214542340674100DD7D71 /* LoginButton.swift in Sources */ = {isa = PBXBuildFile; fileRef = 298214532340674100DD7D71 /* LoginButton.swift */; };
		2982145823406A4500DD7D71 /* BottomContainer.swift in Sources */ = {isa = PBXBuildFile; fileRef = 2982145723406A4400DD7D71 /* BottomContainer.swift */; };
		2982145C23407B0900DD7D71 /* UIButton+Extensions.swift in Sources */ = {isa = PBXBuildFile; fileRef = 2982145B23407B0900DD7D71 /* UIButton+Extensions.swift */; };
		29A838F8236D5DA9008A37D2 /* LoginViewController.swift in Sources */ = {isa = PBXBuildFile; fileRef = 29A838F7236D5DA9008A37D2 /* LoginViewController.swift */; };
		29B4F8A72341F78900EB8FCA /* LogoView.swift in Sources */ = {isa = PBXBuildFile; fileRef = 29B4F8A62341F78900EB8FCA /* LogoView.swift */; };
		29C6742D236FD97E0048E4B8 /* NextButton.swift in Sources */ = {isa = PBXBuildFile; fileRef = 29C6742C236FD97E0048E4B8 /* NextButton.swift */; };
		A45F96AFA5FDD8B4E73751D1 /* Pods_BurntToastUITests.framework in Frameworks */ = {isa = PBXBuildFile; fileRef = 7B8A5D35D7B32B63F4364136 /* Pods_BurntToastUITests.framework */; };
		F4D19CAB72BCA8CE4614E95A /* Pods_BurntToastTests.framework in Frameworks */ = {isa = PBXBuildFile; fileRef = 0FB238B9D0C1A465A1721EF3 /* Pods_BurntToastTests.framework */; };
/* End PBXBuildFile section */

/* Begin PBXContainerItemProxy section */
		2935E85222605E0C004A18A7 /* PBXContainerItemProxy */ = {
			isa = PBXContainerItemProxy;
			containerPortal = 2935E83522605E0A004A18A7 /* Project object */;
			proxyType = 1;
			remoteGlobalIDString = 2935E83C22605E0A004A18A7;
			remoteInfo = BurntToast;
		};
		2935E85D22605E0C004A18A7 /* PBXContainerItemProxy */ = {
			isa = PBXContainerItemProxy;
			containerPortal = 2935E83522605E0A004A18A7 /* Project object */;
			proxyType = 1;
			remoteGlobalIDString = 2935E83C22605E0A004A18A7;
			remoteInfo = BurntToast;
		};
/* End PBXContainerItemProxy section */

/* Begin PBXFileReference section */
		0FB238B9D0C1A465A1721EF3 /* Pods_BurntToastTests.framework */ = {isa = PBXFileReference; explicitFileType = wrapper.framework; includeInIndex = 0; path = Pods_BurntToastTests.framework; sourceTree = BUILT_PRODUCTS_DIR; };
		25EA3036323A21114E4D1819 /* Pods-BurntToast.debug.xcconfig */ = {isa = PBXFileReference; includeInIndex = 1; lastKnownFileType = text.xcconfig; name = "Pods-BurntToast.debug.xcconfig"; path = "Target Support Files/Pods-BurntToast/Pods-BurntToast.debug.xcconfig"; sourceTree = "<group>"; };
		2909DD5A236F774400B24AB2 /* Onboarding.storyboard */ = {isa = PBXFileReference; lastKnownFileType = file.storyboard; path = Onboarding.storyboard; sourceTree = "<group>"; };
		2909DD5C236F7D1D00B24AB2 /* WalkthroughContentViewController.swift */ = {isa = PBXFileReference; lastKnownFileType = sourcecode.swift; path = WalkthroughContentViewController.swift; sourceTree = "<group>"; };
		2909DD5E236F7F8600B24AB2 /* WalkthroughPageViewController.swift */ = {isa = PBXFileReference; lastKnownFileType = sourcecode.swift; path = WalkthroughPageViewController.swift; sourceTree = "<group>"; };
		2909DD60236F857C00B24AB2 /* WalkthroughViewController.swift */ = {isa = PBXFileReference; lastKnownFileType = sourcecode.swift; path = WalkthroughViewController.swift; sourceTree = "<group>"; };
		2935E83D22605E0A004A18A7 /* BurntToast.app */ = {isa = PBXFileReference; explicitFileType = wrapper.application; includeInIndex = 0; path = BurntToast.app; sourceTree = BUILT_PRODUCTS_DIR; };
		2935E84022605E0A004A18A7 /* AppDelegate.swift */ = {isa = PBXFileReference; lastKnownFileType = sourcecode.swift; path = AppDelegate.swift; sourceTree = "<group>"; };
		2935E84522605E0B004A18A7 /* Base */ = {isa = PBXFileReference; lastKnownFileType = file.storyboard; name = Base; path = Base.lproj/Main.storyboard; sourceTree = "<group>"; };
		2935E84722605E0C004A18A7 /* Assets.xcassets */ = {isa = PBXFileReference; lastKnownFileType = folder.assetcatalog; path = Assets.xcassets; sourceTree = "<group>"; };
		2935E84A22605E0C004A18A7 /* Base */ = {isa = PBXFileReference; lastKnownFileType = file.storyboard; name = Base; path = Base.lproj/LaunchScreen.storyboard; sourceTree = "<group>"; };
		2935E84C22605E0C004A18A7 /* Info.plist */ = {isa = PBXFileReference; lastKnownFileType = text.plist.xml; path = Info.plist; sourceTree = "<group>"; };
		2935E85122605E0C004A18A7 /* BurntToastTests.xctest */ = {isa = PBXFileReference; explicitFileType = wrapper.cfbundle; includeInIndex = 0; path = BurntToastTests.xctest; sourceTree = BUILT_PRODUCTS_DIR; };
		2935E85522605E0C004A18A7 /* BurntToastTests.swift */ = {isa = PBXFileReference; lastKnownFileType = sourcecode.swift; path = BurntToastTests.swift; sourceTree = "<group>"; };
		2935E85722605E0C004A18A7 /* Info.plist */ = {isa = PBXFileReference; lastKnownFileType = text.plist.xml; path = Info.plist; sourceTree = "<group>"; };
		2935E85C22605E0C004A18A7 /* BurntToastUITests.xctest */ = {isa = PBXFileReference; explicitFileType = wrapper.cfbundle; includeInIndex = 0; path = BurntToastUITests.xctest; sourceTree = BUILT_PRODUCTS_DIR; };
		2935E86022605E0C004A18A7 /* BurntToastUITests.swift */ = {isa = PBXFileReference; lastKnownFileType = sourcecode.swift; path = BurntToastUITests.swift; sourceTree = "<group>"; };
		2935E86222605E0C004A18A7 /* Info.plist */ = {isa = PBXFileReference; lastKnownFileType = text.plist.xml; path = Info.plist; sourceTree = "<group>"; };
		295E790D236F9404006FE93E /* AcknowledgementsList.swift */ = {isa = PBXFileReference; lastKnownFileType = sourcecode.swift; path = AcknowledgementsList.swift; sourceTree = "<group>"; };
		298214442340532A00DD7D71 /* GoogleService-Info.plist */ = {isa = PBXFileReference; fileEncoding = 4; lastKnownFileType = text.plist.xml; path = "GoogleService-Info.plist"; sourceTree = "<group>"; };
		2982144823405FB900DD7D71 /* UIView+Extensions.swift */ = {isa = PBXFileReference; lastKnownFileType = sourcecode.swift; path = "UIView+Extensions.swift"; sourceTree = "<group>"; };
		298214502340669200DD7D71 /* CreateButton.swift */ = {isa = PBXFileReference; lastKnownFileType = sourcecode.swift; path = CreateButton.swift; sourceTree = "<group>"; };
		298214532340674100DD7D71 /* LoginButton.swift */ = {isa = PBXFileReference; lastKnownFileType = sourcecode.swift; path = LoginButton.swift; sourceTree = "<group>"; };
		2982145723406A4400DD7D71 /* BottomContainer.swift */ = {isa = PBXFileReference; lastKnownFileType = sourcecode.swift; path = BottomContainer.swift; sourceTree = "<group>"; };
		2982145B23407B0900DD7D71 /* UIButton+Extensions.swift */ = {isa = PBXFileReference; lastKnownFileType = sourcecode.swift; path = "UIButton+Extensions.swift"; sourceTree = "<group>"; };
		29A838F7236D5DA9008A37D2 /* LoginViewController.swift */ = {isa = PBXFileReference; lastKnownFileType = sourcecode.swift; path = LoginViewController.swift; sourceTree = "<group>"; };
		29B4F8A62341F78900EB8FCA /* LogoView.swift */ = {isa = PBXFileReference; lastKnownFileType = sourcecode.swift; path = LogoView.swift; sourceTree = "<group>"; };
		29C6742C236FD97E0048E4B8 /* NextButton.swift */ = {isa = PBXFileReference; lastKnownFileType = sourcecode.swift; path = NextButton.swift; sourceTree = "<group>"; };
		7B8A5D35D7B32B63F4364136 /* Pods_BurntToastUITests.framework */ = {isa = PBXFileReference; explicitFileType = wrapper.framework; includeInIndex = 0; path = Pods_BurntToastUITests.framework; sourceTree = BUILT_PRODUCTS_DIR; };
		8ABDA0BA76A91FCC3D3B2C10 /* Pods_BurntToast.framework */ = {isa = PBXFileReference; explicitFileType = wrapper.framework; includeInIndex = 0; path = Pods_BurntToast.framework; sourceTree = BUILT_PRODUCTS_DIR; };
		9D4D4B2FA335874E3943A72F /* Pods-BurntToastTests.debug.xcconfig */ = {isa = PBXFileReference; includeInIndex = 1; lastKnownFileType = text.xcconfig; name = "Pods-BurntToastTests.debug.xcconfig"; path = "Target Support Files/Pods-BurntToastTests/Pods-BurntToastTests.debug.xcconfig"; sourceTree = "<group>"; };
		CF12A2D95C7FDAF7DBFBEFB2 /* Pods-BurntToastUITests.debug.xcconfig */ = {isa = PBXFileReference; includeInIndex = 1; lastKnownFileType = text.xcconfig; name = "Pods-BurntToastUITests.debug.xcconfig"; path = "Target Support Files/Pods-BurntToastUITests/Pods-BurntToastUITests.debug.xcconfig"; sourceTree = "<group>"; };
		D0343DE0E8585B34BDDC3C47 /* Pods-BurntToastUITests.release.xcconfig */ = {isa = PBXFileReference; includeInIndex = 1; lastKnownFileType = text.xcconfig; name = "Pods-BurntToastUITests.release.xcconfig"; path = "Target Support Files/Pods-BurntToastUITests/Pods-BurntToastUITests.release.xcconfig"; sourceTree = "<group>"; };
		D5F61E39980EBB83DEA41FCA /* Pods-BurntToast.release.xcconfig */ = {isa = PBXFileReference; includeInIndex = 1; lastKnownFileType = text.xcconfig; name = "Pods-BurntToast.release.xcconfig"; path = "Target Support Files/Pods-BurntToast/Pods-BurntToast.release.xcconfig"; sourceTree = "<group>"; };
		F05A0D755BDB737F7148AD4D /* Pods-BurntToastTests.release.xcconfig */ = {isa = PBXFileReference; includeInIndex = 1; lastKnownFileType = text.xcconfig; name = "Pods-BurntToastTests.release.xcconfig"; path = "Target Support Files/Pods-BurntToastTests/Pods-BurntToastTests.release.xcconfig"; sourceTree = "<group>"; };
/* End PBXFileReference section */

/* Begin PBXFrameworksBuildPhase section */
		2935E83A22605E0A004A18A7 /* Frameworks */ = {
			isa = PBXFrameworksBuildPhase;
			buildActionMask = 2147483647;
			files = (
				127408302D47A47610C604E6 /* Pods_BurntToast.framework in Frameworks */,
			);
			runOnlyForDeploymentPostprocessing = 0;
		};
		2935E84E22605E0C004A18A7 /* Frameworks */ = {
			isa = PBXFrameworksBuildPhase;
			buildActionMask = 2147483647;
			files = (
				F4D19CAB72BCA8CE4614E95A /* Pods_BurntToastTests.framework in Frameworks */,
			);
			runOnlyForDeploymentPostprocessing = 0;
		};
		2935E85922605E0C004A18A7 /* Frameworks */ = {
			isa = PBXFrameworksBuildPhase;
			buildActionMask = 2147483647;
			files = (
				A45F96AFA5FDD8B4E73751D1 /* Pods_BurntToastUITests.framework in Frameworks */,
			);
			runOnlyForDeploymentPostprocessing = 0;
		};
/* End PBXFrameworksBuildPhase section */

/* Begin PBXGroup section */
		2909DD52236F6EBA00B24AB2 /* OnboardingControllers */ = {
			isa = PBXGroup;
			children = (
				2909DD5C236F7D1D00B24AB2 /* WalkthroughContentViewController.swift */,
				2909DD5E236F7F8600B24AB2 /* WalkthroughPageViewController.swift */,
				2909DD60236F857C00B24AB2 /* WalkthroughViewController.swift */,
			);
			path = OnboardingControllers;
			sourceTree = "<group>";
		};
		2909DD53236F6EC400B24AB2 /* Onboarding */ = {
			isa = PBXGroup;
			children = (
				2909DD5A236F774400B24AB2 /* Onboarding.storyboard */,
				29C6742C236FD97E0048E4B8 /* NextButton.swift */,
			);
			path = Onboarding;
			sourceTree = "<group>";
		};
		2935E83422605E0A004A18A7 = {
			isa = PBXGroup;
			children = (
				2935E83F22605E0A004A18A7 /* BurntToast */,
				2935E85422605E0C004A18A7 /* BurntToastTests */,
				2935E85F22605E0C004A18A7 /* BurntToastUITests */,
				2935E83E22605E0A004A18A7 /* Products */,
				CB3B20D2AD68C3D270ECA531 /* Pods */,
				7CAF1484BF3F36E359769BED /* Frameworks */,
			);
			sourceTree = "<group>";
		};
		2935E83E22605E0A004A18A7 /* Products */ = {
			isa = PBXGroup;
			children = (
				2935E83D22605E0A004A18A7 /* BurntToast.app */,
				2935E85122605E0C004A18A7 /* BurntToastTests.xctest */,
				2935E85C22605E0C004A18A7 /* BurntToastUITests.xctest */,
			);
			name = Products;
			sourceTree = "<group>";
		};
		2935E83F22605E0A004A18A7 /* BurntToast */ = {
			isa = PBXGroup;
			children = (
				2935E87322605E7A004A18A7 /* Model */,
				2935E87222605E77004A18A7 /* View */,
				2935E87122605E72004A18A7 /* Controller */,
				2935E87022605E70004A18A7 /* SupportingFiles */,
				2935E86F22605E6D004A18A7 /* Extensions */,
				2935E86E22605E69004A18A7 /* Keys */,
				295E790C236F93DC006FE93E /* Acknowledgements */,
			);
			path = BurntToast;
			sourceTree = "<group>";
		};
		2935E85422605E0C004A18A7 /* BurntToastTests */ = {
			isa = PBXGroup;
			children = (
				2935E85522605E0C004A18A7 /* BurntToastTests.swift */,
				2935E85722605E0C004A18A7 /* Info.plist */,
			);
			path = BurntToastTests;
			sourceTree = "<group>";
		};
		2935E85F22605E0C004A18A7 /* BurntToastUITests */ = {
			isa = PBXGroup;
			children = (
				2935E86022605E0C004A18A7 /* BurntToastUITests.swift */,
				2935E86222605E0C004A18A7 /* Info.plist */,
			);
			path = BurntToastUITests;
			sourceTree = "<group>";
		};
		2935E86E22605E69004A18A7 /* Keys */ = {
			isa = PBXGroup;
			children = (
			);
			path = Keys;
			sourceTree = "<group>";
		};
		2935E86F22605E6D004A18A7 /* Extensions */ = {
			isa = PBXGroup;
			children = (
				2982144823405FB900DD7D71 /* UIView+Extensions.swift */,
				2982145B23407B0900DD7D71 /* UIButton+Extensions.swift */,
			);
			path = Extensions;
			sourceTree = "<group>";
		};
		2935E87022605E70004A18A7 /* SupportingFiles */ = {
			isa = PBXGroup;
			children = (
				2935E84022605E0A004A18A7 /* AppDelegate.swift */,
				2935E84722605E0C004A18A7 /* Assets.xcassets */,
				2935E84922605E0C004A18A7 /* LaunchScreen.storyboard */,
				2935E84C22605E0C004A18A7 /* Info.plist */,
				298214442340532A00DD7D71 /* GoogleService-Info.plist */,
			);
			path = SupportingFiles;
			sourceTree = "<group>";
		};
		2935E87122605E72004A18A7 /* Controller */ = {
			isa = PBXGroup;
			children = (
				2909DD52236F6EBA00B24AB2 /* OnboardingControllers */,
				29A838F7236D5DA9008A37D2 /* LoginViewController.swift */,
			);
			path = Controller;
			sourceTree = "<group>";
		};
		2935E87222605E77004A18A7 /* View */ = {
			isa = PBXGroup;
			children = (
				2935E84422605E0B004A18A7 /* Main.storyboard */,
				298214522340669800DD7D71 /* LoginVC */,
				2909DD53236F6EC400B24AB2 /* Onboarding */,
			);
			path = View;
			sourceTree = "<group>";
		};
		2935E87322605E7A004A18A7 /* Model */ = {
			isa = PBXGroup;
			children = (
			);
			path = Model;
			sourceTree = "<group>";
		};
		295E790C236F93DC006FE93E /* Acknowledgements */ = {
			isa = PBXGroup;
			children = (
				295E790D236F9404006FE93E /* AcknowledgementsList.swift */,
			);
			path = Acknowledgements;
			sourceTree = "<group>";
		};
		298214522340669800DD7D71 /* LoginVC */ = {
			isa = PBXGroup;
			children = (
				2982145723406A4400DD7D71 /* BottomContainer.swift */,
				29B4F8A62341F78900EB8FCA /* LogoView.swift */,
				298214532340674100DD7D71 /* LoginButton.swift */,
				298214502340669200DD7D71 /* CreateButton.swift */,
			);
			path = LoginVC;
			sourceTree = "<group>";
		};
		7CAF1484BF3F36E359769BED /* Frameworks */ = {
			isa = PBXGroup;
			children = (
				8ABDA0BA76A91FCC3D3B2C10 /* Pods_BurntToast.framework */,
				0FB238B9D0C1A465A1721EF3 /* Pods_BurntToastTests.framework */,
				7B8A5D35D7B32B63F4364136 /* Pods_BurntToastUITests.framework */,
			);
			name = Frameworks;
			sourceTree = "<group>";
		};
		CB3B20D2AD68C3D270ECA531 /* Pods */ = {
			isa = PBXGroup;
			children = (
				25EA3036323A21114E4D1819 /* Pods-BurntToast.debug.xcconfig */,
				D5F61E39980EBB83DEA41FCA /* Pods-BurntToast.release.xcconfig */,
				9D4D4B2FA335874E3943A72F /* Pods-BurntToastTests.debug.xcconfig */,
				F05A0D755BDB737F7148AD4D /* Pods-BurntToastTests.release.xcconfig */,
				CF12A2D95C7FDAF7DBFBEFB2 /* Pods-BurntToastUITests.debug.xcconfig */,
				D0343DE0E8585B34BDDC3C47 /* Pods-BurntToastUITests.release.xcconfig */,
			);
			path = Pods;
			sourceTree = "<group>";
		};
/* End PBXGroup section */

/* Begin PBXNativeTarget section */
		2935E83C22605E0A004A18A7 /* BurntToast */ = {
			isa = PBXNativeTarget;
			buildConfigurationList = 2935E86522605E0C004A18A7 /* Build configuration list for PBXNativeTarget "BurntToast" */;
			buildPhases = (
				D5FF143BFA4593BE62027F92 /* [CP] Check Pods Manifest.lock */,
				2935E83922605E0A004A18A7 /* Sources */,
				2935E83A22605E0A004A18A7 /* Frameworks */,
				2935E83B22605E0A004A18A7 /* Resources */,
				45D9BC9C410E05DDC1FD46EB /* [CP] Embed Pods Frameworks */,
				297F0181226064BA003BE1CB /* ShellScript */,
			);
			buildRules = (
			);
			dependencies = (
			);
			name = BurntToast;
			productName = BurntToast;
			productReference = 2935E83D22605E0A004A18A7 /* BurntToast.app */;
			productType = "com.apple.product-type.application";
		};
		2935E85022605E0C004A18A7 /* BurntToastTests */ = {
			isa = PBXNativeTarget;
			buildConfigurationList = 2935E86822605E0C004A18A7 /* Build configuration list for PBXNativeTarget "BurntToastTests" */;
			buildPhases = (
				3B6407C164812D5758308E63 /* [CP] Check Pods Manifest.lock */,
				2935E84D22605E0C004A18A7 /* Sources */,
				2935E84E22605E0C004A18A7 /* Frameworks */,
				2935E84F22605E0C004A18A7 /* Resources */,
			);
			buildRules = (
			);
			dependencies = (
				2935E85322605E0C004A18A7 /* PBXTargetDependency */,
			);
			name = BurntToastTests;
			productName = BurntToastTests;
			productReference = 2935E85122605E0C004A18A7 /* BurntToastTests.xctest */;
			productType = "com.apple.product-type.bundle.unit-test";
		};
		2935E85B22605E0C004A18A7 /* BurntToastUITests */ = {
			isa = PBXNativeTarget;
			buildConfigurationList = 2935E86B22605E0C004A18A7 /* Build configuration list for PBXNativeTarget "BurntToastUITests" */;
			buildPhases = (
				3CC1FA0E17DBE0D1C4BA8A08 /* [CP] Check Pods Manifest.lock */,
				2935E85822605E0C004A18A7 /* Sources */,
				2935E85922605E0C004A18A7 /* Frameworks */,
				2935E85A22605E0C004A18A7 /* Resources */,
			);
			buildRules = (
			);
			dependencies = (
				2935E85E22605E0C004A18A7 /* PBXTargetDependency */,
			);
			name = BurntToastUITests;
			productName = BurntToastUITests;
			productReference = 2935E85C22605E0C004A18A7 /* BurntToastUITests.xctest */;
			productType = "com.apple.product-type.bundle.ui-testing";
		};
/* End PBXNativeTarget section */

/* Begin PBXProject section */
		2935E83522605E0A004A18A7 /* Project object */ = {
			isa = PBXProject;
			attributes = {
				LastSwiftUpdateCheck = 1020;
				LastUpgradeCheck = 1020;
				ORGANIZATIONNAME = "Matthew Howes Singleton";
				TargetAttributes = {
					2935E83C22605E0A004A18A7 = {
						CreatedOnToolsVersion = 10.2;
					};
					2935E85022605E0C004A18A7 = {
						CreatedOnToolsVersion = 10.2;
						TestTargetID = 2935E83C22605E0A004A18A7;
					};
					2935E85B22605E0C004A18A7 = {
						CreatedOnToolsVersion = 10.2;
						TestTargetID = 2935E83C22605E0A004A18A7;
					};
				};
			};
			buildConfigurationList = 2935E83822605E0A004A18A7 /* Build configuration list for PBXProject "BurntToast" */;
			compatibilityVersion = "Xcode 9.3";
			developmentRegion = en;
			hasScannedForEncodings = 0;
			knownRegions = (
				en,
				Base,
			);
			mainGroup = 2935E83422605E0A004A18A7;
			productRefGroup = 2935E83E22605E0A004A18A7 /* Products */;
			projectDirPath = "";
			projectRoot = "";
			targets = (
				2935E83C22605E0A004A18A7 /* BurntToast */,
				2935E85022605E0C004A18A7 /* BurntToastTests */,
				2935E85B22605E0C004A18A7 /* BurntToastUITests */,
			);
		};
/* End PBXProject section */

/* Begin PBXResourcesBuildPhase section */
		2935E83B22605E0A004A18A7 /* Resources */ = {
			isa = PBXResourcesBuildPhase;
			buildActionMask = 2147483647;
			files = (
				2935E84B22605E0C004A18A7 /* LaunchScreen.storyboard in Resources */,
				2909DD5B236F774400B24AB2 /* Onboarding.storyboard in Resources */,
				298214452340532A00DD7D71 /* GoogleService-Info.plist in Resources */,
				2935E84822605E0C004A18A7 /* Assets.xcassets in Resources */,
				2935E84622605E0B004A18A7 /* Main.storyboard in Resources */,
			);
			runOnlyForDeploymentPostprocessing = 0;
		};
		2935E84F22605E0C004A18A7 /* Resources */ = {
			isa = PBXResourcesBuildPhase;
			buildActionMask = 2147483647;
			files = (
			);
			runOnlyForDeploymentPostprocessing = 0;
		};
		2935E85A22605E0C004A18A7 /* Resources */ = {
			isa = PBXResourcesBuildPhase;
			buildActionMask = 2147483647;
			files = (
			);
			runOnlyForDeploymentPostprocessing = 0;
		};
/* End PBXResourcesBuildPhase section */

/* Begin PBXShellScriptBuildPhase section */
		297F0181226064BA003BE1CB /* ShellScript */ = {
			isa = PBXShellScriptBuildPhase;
			buildActionMask = 2147483647;
			files = (
			);
			inputFileListPaths = (
			);
			inputPaths = (
				"$(BUILT_PRODUCTS_DIR)/$(INFOPLIST_PATH)",
			);
			outputFileListPaths = (
			);
			outputPaths = (
			);
			runOnlyForDeploymentPostprocessing = 0;
			shellPath = /bin/sh;
			shellScript = "\"${PODS_ROOT}/Fabric/run\"\n";
		};
		3B6407C164812D5758308E63 /* [CP] Check Pods Manifest.lock */ = {
			isa = PBXShellScriptBuildPhase;
			buildActionMask = 2147483647;
			files = (
			);
			inputFileListPaths = (
			);
			inputPaths = (
				"${PODS_PODFILE_DIR_PATH}/Podfile.lock",
				"${PODS_ROOT}/Manifest.lock",
			);
			name = "[CP] Check Pods Manifest.lock";
			outputFileListPaths = (
			);
			outputPaths = (
				"$(DERIVED_FILE_DIR)/Pods-BurntToastTests-checkManifestLockResult.txt",
			);
			runOnlyForDeploymentPostprocessing = 0;
			shellPath = /bin/sh;
			shellScript = "diff \"${PODS_PODFILE_DIR_PATH}/Podfile.lock\" \"${PODS_ROOT}/Manifest.lock\" > /dev/null\nif [ $? != 0 ] ; then\n    # print error to STDERR\n    echo \"error: The sandbox is not in sync with the Podfile.lock. Run 'pod install' or update your CocoaPods installation.\" >&2\n    exit 1\nfi\n# This output is used by Xcode 'outputs' to avoid re-running this script phase.\necho \"SUCCESS\" > \"${SCRIPT_OUTPUT_FILE_0}\"\n";
			showEnvVarsInLog = 0;
		};
		3CC1FA0E17DBE0D1C4BA8A08 /* [CP] Check Pods Manifest.lock */ = {
			isa = PBXShellScriptBuildPhase;
			buildActionMask = 2147483647;
			files = (
			);
			inputFileListPaths = (
			);
			inputPaths = (
				"${PODS_PODFILE_DIR_PATH}/Podfile.lock",
				"${PODS_ROOT}/Manifest.lock",
			);
			name = "[CP] Check Pods Manifest.lock";
			outputFileListPaths = (
			);
			outputPaths = (
				"$(DERIVED_FILE_DIR)/Pods-BurntToastUITests-checkManifestLockResult.txt",
			);
			runOnlyForDeploymentPostprocessing = 0;
			shellPath = /bin/sh;
			shellScript = "diff \"${PODS_PODFILE_DIR_PATH}/Podfile.lock\" \"${PODS_ROOT}/Manifest.lock\" > /dev/null\nif [ $? != 0 ] ; then\n    # print error to STDERR\n    echo \"error: The sandbox is not in sync with the Podfile.lock. Run 'pod install' or update your CocoaPods installation.\" >&2\n    exit 1\nfi\n# This output is used by Xcode 'outputs' to avoid re-running this script phase.\necho \"SUCCESS\" > \"${SCRIPT_OUTPUT_FILE_0}\"\n";
			showEnvVarsInLog = 0;
		};
		45D9BC9C410E05DDC1FD46EB /* [CP] Embed Pods Frameworks */ = {
			isa = PBXShellScriptBuildPhase;
			buildActionMask = 2147483647;
			files = (
			);
			inputFileListPaths = (
				"${PODS_ROOT}/Target Support Files/Pods-BurntToast/Pods-BurntToast-frameworks-${CONFIGURATION}-input-files.xcfilelist",
			);
			name = "[CP] Embed Pods Frameworks";
			outputFileListPaths = (
				"${PODS_ROOT}/Target Support Files/Pods-BurntToast/Pods-BurntToast-frameworks-${CONFIGURATION}-output-files.xcfilelist",
			);
			runOnlyForDeploymentPostprocessing = 0;
			shellPath = /bin/sh;
			shellScript = "\"${PODS_ROOT}/Target Support Files/Pods-BurntToast/Pods-BurntToast-frameworks.sh\"\n";
			showEnvVarsInLog = 0;
		};
		D5FF143BFA4593BE62027F92 /* [CP] Check Pods Manifest.lock */ = {
			isa = PBXShellScriptBuildPhase;
			buildActionMask = 2147483647;
			files = (
			);
			inputFileListPaths = (
			);
			inputPaths = (
				"${PODS_PODFILE_DIR_PATH}/Podfile.lock",
				"${PODS_ROOT}/Manifest.lock",
			);
			name = "[CP] Check Pods Manifest.lock";
			outputFileListPaths = (
			);
			outputPaths = (
				"$(DERIVED_FILE_DIR)/Pods-BurntToast-checkManifestLockResult.txt",
			);
			runOnlyForDeploymentPostprocessing = 0;
			shellPath = /bin/sh;
			shellScript = "diff \"${PODS_PODFILE_DIR_PATH}/Podfile.lock\" \"${PODS_ROOT}/Manifest.lock\" > /dev/null\nif [ $? != 0 ] ; then\n    # print error to STDERR\n    echo \"error: The sandbox is not in sync with the Podfile.lock. Run 'pod install' or update your CocoaPods installation.\" >&2\n    exit 1\nfi\n# This output is used by Xcode 'outputs' to avoid re-running this script phase.\necho \"SUCCESS\" > \"${SCRIPT_OUTPUT_FILE_0}\"\n";
			showEnvVarsInLog = 0;
		};
/* End PBXShellScriptBuildPhase section */

/* Begin PBXSourcesBuildPhase section */
		2935E83922605E0A004A18A7 /* Sources */ = {
			isa = PBXSourcesBuildPhase;
			buildActionMask = 2147483647;
			files = (
				29C6742D236FD97E0048E4B8 /* NextButton.swift in Sources */,
				295E790E236F9404006FE93E /* AcknowledgementsList.swift in Sources */,
				29A838F8236D5DA9008A37D2 /* LoginViewController.swift in Sources */,
				2982144923405FB900DD7D71 /* UIView+Extensions.swift in Sources */,
				2909DD5F236F7F8600B24AB2 /* WalkthroughPageViewController.swift in Sources */,
				2982145C23407B0900DD7D71 /* UIButton+Extensions.swift in Sources */,
				298214542340674100DD7D71 /* LoginButton.swift in Sources */,
				298214512340669200DD7D71 /* CreateButton.swift in Sources */,
				2982145823406A4500DD7D71 /* BottomContainer.swift in Sources */,
				2909DD5D236F7D1D00B24AB2 /* WalkthroughContentViewController.swift in Sources */,
				29B4F8A72341F78900EB8FCA /* LogoView.swift in Sources */,
				2935E84122605E0B004A18A7 /* AppDelegate.swift in Sources */,
				2909DD61236F857C00B24AB2 /* WalkthroughViewController.swift in Sources */,
			);
			runOnlyForDeploymentPostprocessing = 0;
		};
		2935E84D22605E0C004A18A7 /* Sources */ = {
			isa = PBXSourcesBuildPhase;
			buildActionMask = 2147483647;
			files = (
				2935E85622605E0C004A18A7 /* BurntToastTests.swift in Sources */,
			);
			runOnlyForDeploymentPostprocessing = 0;
		};
		2935E85822605E0C004A18A7 /* Sources */ = {
			isa = PBXSourcesBuildPhase;
			buildActionMask = 2147483647;
			files = (
				2935E86122605E0C004A18A7 /* BurntToastUITests.swift in Sources */,
			);
			runOnlyForDeploymentPostprocessing = 0;
		};
/* End PBXSourcesBuildPhase section */

/* Begin PBXTargetDependency section */
		2935E85322605E0C004A18A7 /* PBXTargetDependency */ = {
			isa = PBXTargetDependency;
			target = 2935E83C22605E0A004A18A7 /* BurntToast */;
			targetProxy = 2935E85222605E0C004A18A7 /* PBXContainerItemProxy */;
		};
		2935E85E22605E0C004A18A7 /* PBXTargetDependency */ = {
			isa = PBXTargetDependency;
			target = 2935E83C22605E0A004A18A7 /* BurntToast */;
			targetProxy = 2935E85D22605E0C004A18A7 /* PBXContainerItemProxy */;
		};
/* End PBXTargetDependency section */

/* Begin PBXVariantGroup section */
		2935E84422605E0B004A18A7 /* Main.storyboard */ = {
			isa = PBXVariantGroup;
			children = (
				2935E84522605E0B004A18A7 /* Base */,
			);
			name = Main.storyboard;
			sourceTree = "<group>";
		};
		2935E84922605E0C004A18A7 /* LaunchScreen.storyboard */ = {
			isa = PBXVariantGroup;
			children = (
				2935E84A22605E0C004A18A7 /* Base */,
			);
			name = LaunchScreen.storyboard;
			sourceTree = "<group>";
		};
/* End PBXVariantGroup section */

/* Begin XCBuildConfiguration section */
		2935E86322605E0C004A18A7 /* Debug */ = {
			isa = XCBuildConfiguration;
			buildSettings = {
				ALWAYS_SEARCH_USER_PATHS = NO;
				CLANG_ANALYZER_NONNULL = YES;
				CLANG_ANALYZER_NUMBER_OBJECT_CONVERSION = YES_AGGRESSIVE;
				CLANG_CXX_LANGUAGE_STANDARD = "gnu++14";
				CLANG_CXX_LIBRARY = "libc++";
				CLANG_ENABLE_MODULES = YES;
				CLANG_ENABLE_OBJC_ARC = YES;
				CLANG_ENABLE_OBJC_WEAK = YES;
				CLANG_WARN_BLOCK_CAPTURE_AUTORELEASING = YES;
				CLANG_WARN_BOOL_CONVERSION = YES;
				CLANG_WARN_COMMA = YES;
				CLANG_WARN_CONSTANT_CONVERSION = YES;
				CLANG_WARN_DEPRECATED_OBJC_IMPLEMENTATIONS = YES;
				CLANG_WARN_DIRECT_OBJC_ISA_USAGE = YES_ERROR;
				CLANG_WARN_DOCUMENTATION_COMMENTS = YES;
				CLANG_WARN_EMPTY_BODY = YES;
				CLANG_WARN_ENUM_CONVERSION = YES;
				CLANG_WARN_INFINITE_RECURSION = YES;
				CLANG_WARN_INT_CONVERSION = YES;
				CLANG_WARN_NON_LITERAL_NULL_CONVERSION = YES;
				CLANG_WARN_OBJC_IMPLICIT_RETAIN_SELF = YES;
				CLANG_WARN_OBJC_LITERAL_CONVERSION = YES;
				CLANG_WARN_OBJC_ROOT_CLASS = YES_ERROR;
				CLANG_WARN_RANGE_LOOP_ANALYSIS = YES;
				CLANG_WARN_STRICT_PROTOTYPES = YES;
				CLANG_WARN_SUSPICIOUS_MOVE = YES;
				CLANG_WARN_UNGUARDED_AVAILABILITY = YES_AGGRESSIVE;
				CLANG_WARN_UNREACHABLE_CODE = YES;
				CLANG_WARN__DUPLICATE_METHOD_MATCH = YES;
				CODE_SIGN_IDENTITY = "iPhone Developer";
				COPY_PHASE_STRIP = NO;
				DEBUG_INFORMATION_FORMAT = dwarf;
				ENABLE_STRICT_OBJC_MSGSEND = YES;
				ENABLE_TESTABILITY = YES;
				GCC_C_LANGUAGE_STANDARD = gnu11;
				GCC_DYNAMIC_NO_PIC = NO;
				GCC_NO_COMMON_BLOCKS = YES;
				GCC_OPTIMIZATION_LEVEL = 0;
				GCC_PREPROCESSOR_DEFINITIONS = (
					"DEBUG=1",
					"$(inherited)",
				);
				GCC_WARN_64_TO_32_BIT_CONVERSION = YES;
				GCC_WARN_ABOUT_RETURN_TYPE = YES_ERROR;
				GCC_WARN_UNDECLARED_SELECTOR = YES;
				GCC_WARN_UNINITIALIZED_AUTOS = YES_AGGRESSIVE;
				GCC_WARN_UNUSED_FUNCTION = YES;
				GCC_WARN_UNUSED_VARIABLE = YES;
				IPHONEOS_DEPLOYMENT_TARGET = 12.1;
				MTL_ENABLE_DEBUG_INFO = INCLUDE_SOURCE;
				MTL_FAST_MATH = YES;
				ONLY_ACTIVE_ARCH = YES;
				SDKROOT = iphoneos;
				SWIFT_ACTIVE_COMPILATION_CONDITIONS = DEBUG;
				SWIFT_OPTIMIZATION_LEVEL = "-Onone";
			};
			name = Debug;
		};
		2935E86422605E0C004A18A7 /* Release */ = {
			isa = XCBuildConfiguration;
			buildSettings = {
				ALWAYS_SEARCH_USER_PATHS = NO;
				CLANG_ANALYZER_NONNULL = YES;
				CLANG_ANALYZER_NUMBER_OBJECT_CONVERSION = YES_AGGRESSIVE;
				CLANG_CXX_LANGUAGE_STANDARD = "gnu++14";
				CLANG_CXX_LIBRARY = "libc++";
				CLANG_ENABLE_MODULES = YES;
				CLANG_ENABLE_OBJC_ARC = YES;
				CLANG_ENABLE_OBJC_WEAK = YES;
				CLANG_WARN_BLOCK_CAPTURE_AUTORELEASING = YES;
				CLANG_WARN_BOOL_CONVERSION = YES;
				CLANG_WARN_COMMA = YES;
				CLANG_WARN_CONSTANT_CONVERSION = YES;
				CLANG_WARN_DEPRECATED_OBJC_IMPLEMENTATIONS = YES;
				CLANG_WARN_DIRECT_OBJC_ISA_USAGE = YES_ERROR;
				CLANG_WARN_DOCUMENTATION_COMMENTS = YES;
				CLANG_WARN_EMPTY_BODY = YES;
				CLANG_WARN_ENUM_CONVERSION = YES;
				CLANG_WARN_INFINITE_RECURSION = YES;
				CLANG_WARN_INT_CONVERSION = YES;
				CLANG_WARN_NON_LITERAL_NULL_CONVERSION = YES;
				CLANG_WARN_OBJC_IMPLICIT_RETAIN_SELF = YES;
				CLANG_WARN_OBJC_LITERAL_CONVERSION = YES;
				CLANG_WARN_OBJC_ROOT_CLASS = YES_ERROR;
				CLANG_WARN_RANGE_LOOP_ANALYSIS = YES;
				CLANG_WARN_STRICT_PROTOTYPES = YES;
				CLANG_WARN_SUSPICIOUS_MOVE = YES;
				CLANG_WARN_UNGUARDED_AVAILABILITY = YES_AGGRESSIVE;
				CLANG_WARN_UNREACHABLE_CODE = YES;
				CLANG_WARN__DUPLICATE_METHOD_MATCH = YES;
				CODE_SIGN_IDENTITY = "iPhone Developer";
				COPY_PHASE_STRIP = NO;
				DEBUG_INFORMATION_FORMAT = "dwarf-with-dsym";
				ENABLE_NS_ASSERTIONS = NO;
				ENABLE_STRICT_OBJC_MSGSEND = YES;
				GCC_C_LANGUAGE_STANDARD = gnu11;
				GCC_NO_COMMON_BLOCKS = YES;
				GCC_WARN_64_TO_32_BIT_CONVERSION = YES;
				GCC_WARN_ABOUT_RETURN_TYPE = YES_ERROR;
				GCC_WARN_UNDECLARED_SELECTOR = YES;
				GCC_WARN_UNINITIALIZED_AUTOS = YES_AGGRESSIVE;
				GCC_WARN_UNUSED_FUNCTION = YES;
				GCC_WARN_UNUSED_VARIABLE = YES;
				IPHONEOS_DEPLOYMENT_TARGET = 12.1;
				MTL_ENABLE_DEBUG_INFO = NO;
				MTL_FAST_MATH = YES;
				SDKROOT = iphoneos;
				SWIFT_COMPILATION_MODE = wholemodule;
				SWIFT_OPTIMIZATION_LEVEL = "-O";
				VALIDATE_PRODUCT = YES;
			};
			name = Release;
		};
		2935E86622605E0C004A18A7 /* Debug */ = {
			isa = XCBuildConfiguration;
			baseConfigurationReference = 25EA3036323A21114E4D1819 /* Pods-BurntToast.debug.xcconfig */;
			buildSettings = {
				ASSETCATALOG_COMPILER_APPICON_NAME = AppIcon;
				CODE_SIGN_STYLE = Automatic;
				DEBUG_INFORMATION_FORMAT = "dwarf-with-dsym";
				DEVELOPMENT_TEAM = K8YZSQZRNW;
				INFOPLIST_FILE = "$(SRCROOT)/BurntToast/SupportingFiles/Info.plist";
				IPHONEOS_DEPLOYMENT_TARGET = 13.0;
				LD_RUNPATH_SEARCH_PATHS = (
					"$(inherited)",
					"@executable_path/Frameworks",
				);
				MARKETING_VERSION = 0.1;
				PRODUCT_BUNDLE_IDENTIFIER = com.matthewhsingleton.BurntToast;
				PRODUCT_NAME = "$(TARGET_NAME)";
				SWIFT_VERSION = 5.0;
				TARGETED_DEVICE_FAMILY = 2;
			};
			name = Debug;
		};
		2935E86722605E0C004A18A7 /* Release */ = {
			isa = XCBuildConfiguration;
			baseConfigurationReference = D5F61E39980EBB83DEA41FCA /* Pods-BurntToast.release.xcconfig */;
			buildSettings = {
				ASSETCATALOG_COMPILER_APPICON_NAME = AppIcon;
				CODE_SIGN_STYLE = Automatic;
				DEVELOPMENT_TEAM = K8YZSQZRNW;
				INFOPLIST_FILE = "$(SRCROOT)/BurntToast/SupportingFiles/Info.plist";
				IPHONEOS_DEPLOYMENT_TARGET = 13.0;
				LD_RUNPATH_SEARCH_PATHS = (
					"$(inherited)",
					"@executable_path/Frameworks",
				);
				MARKETING_VERSION = 0.1;
				PRODUCT_BUNDLE_IDENTIFIER = com.matthewhsingleton.BurntToast;
				PRODUCT_NAME = "$(TARGET_NAME)";
				SWIFT_VERSION = 5.0;
				TARGETED_DEVICE_FAMILY = 2;
			};
			name = Release;
		};
		2935E86922605E0C004A18A7 /* Debug */ = {
			isa = XCBuildConfiguration;
			baseConfigurationReference = 9D4D4B2FA335874E3943A72F /* Pods-BurntToastTests.debug.xcconfig */;
			buildSettings = {
				ALWAYS_EMBED_SWIFT_STANDARD_LIBRARIES = YES;
				BUNDLE_LOADER = "$(TEST_HOST)";
				CODE_SIGN_STYLE = Automatic;
				DEVELOPMENT_TEAM = K8YZSQZRNW;
				INFOPLIST_FILE = BurntToastTests/Info.plist;
				LD_RUNPATH_SEARCH_PATHS = (
					"$(inherited)",
					"@executable_path/Frameworks",
					"@loader_path/Frameworks",
				);
				PRODUCT_BUNDLE_IDENTIFIER = com.matthewhsingleton.BurntToastTests;
				PRODUCT_NAME = "$(TARGET_NAME)";
				SWIFT_VERSION = 5.0;
				TARGETED_DEVICE_FAMILY = "1,2";
				TEST_HOST = "$(BUILT_PRODUCTS_DIR)/BurntToast.app/BurntToast";
			};
			name = Debug;
		};
		2935E86A22605E0C004A18A7 /* Release */ = {
			isa = XCBuildConfiguration;
			baseConfigurationReference = F05A0D755BDB737F7148AD4D /* Pods-BurntToastTests.release.xcconfig */;
			buildSettings = {
				ALWAYS_EMBED_SWIFT_STANDARD_LIBRARIES = YES;
				BUNDLE_LOADER = "$(TEST_HOST)";
				CODE_SIGN_STYLE = Automatic;
				DEVELOPMENT_TEAM = K8YZSQZRNW;
				INFOPLIST_FILE = BurntToastTests/Info.plist;
				LD_RUNPATH_SEARCH_PATHS = (
					"$(inherited)",
					"@executable_path/Frameworks",
					"@loader_path/Frameworks",
				);
				PRODUCT_BUNDLE_IDENTIFIER = com.matthewhsingleton.BurntToastTests;
				PRODUCT_NAME = "$(TARGET_NAME)";
				SWIFT_VERSION = 5.0;
				TARGETED_DEVICE_FAMILY = "1,2";
				TEST_HOST = "$(BUILT_PRODUCTS_DIR)/BurntToast.app/BurntToast";
			};
			name = Release;
		};
		2935E86C22605E0C004A18A7 /* Debug */ = {
			isa = XCBuildConfiguration;
			baseConfigurationReference = CF12A2D95C7FDAF7DBFBEFB2 /* Pods-BurntToastUITests.debug.xcconfig */;
			buildSettings = {
				ALWAYS_EMBED_SWIFT_STANDARD_LIBRARIES = YES;
				CODE_SIGN_STYLE = Automatic;
				DEVELOPMENT_TEAM = K8YZSQZRNW;
				INFOPLIST_FILE = BurntToastUITests/Info.plist;
				LD_RUNPATH_SEARCH_PATHS = (
					"$(inherited)",
					"@executable_path/Frameworks",
					"@loader_path/Frameworks",
				);
				PRODUCT_BUNDLE_IDENTIFIER = com.matthewhsingleton.BurntToastUITests;
				PRODUCT_NAME = "$(TARGET_NAME)";
				SWIFT_VERSION = 5.0;
				TARGETED_DEVICE_FAMILY = "1,2";
				TEST_TARGET_NAME = BurntToast;
			};
			name = Debug;
		};
		2935E86D22605E0C004A18A7 /* Release */ = {
			isa = XCBuildConfiguration;
			baseConfigurationReference = D0343DE0E8585B34BDDC3C47 /* Pods-BurntToastUITests.release.xcconfig */;
			buildSettings = {
				ALWAYS_EMBED_SWIFT_STANDARD_LIBRARIES = YES;
				CODE_SIGN_STYLE = Automatic;
				DEVELOPMENT_TEAM = K8YZSQZRNW;
				INFOPLIST_FILE = BurntToastUITests/Info.plist;
				LD_RUNPATH_SEARCH_PATHS = (
					"$(inherited)",
					"@executable_path/Frameworks",
					"@loader_path/Frameworks",
				);
				PRODUCT_BUNDLE_IDENTIFIER = com.matthewhsingleton.BurntToastUITests;
				PRODUCT_NAME = "$(TARGET_NAME)";
				SWIFT_VERSION = 5.0;
				TARGETED_DEVICE_FAMILY = "1,2";
				TEST_TARGET_NAME = BurntToast;
			};
			name = Release;
		};
/* End XCBuildConfiguration section */

/* Begin XCConfigurationList section */
		2935E83822605E0A004A18A7 /* Build configuration list for PBXProject "BurntToast" */ = {
			isa = XCConfigurationList;
			buildConfigurations = (
				2935E86322605E0C004A18A7 /* Debug */,
				2935E86422605E0C004A18A7 /* Release */,
			);
			defaultConfigurationIsVisible = 0;
			defaultConfigurationName = Release;
		};
		2935E86522605E0C004A18A7 /* Build configuration list for PBXNativeTarget "BurntToast" */ = {
			isa = XCConfigurationList;
			buildConfigurations = (
				2935E86622605E0C004A18A7 /* Debug */,
				2935E86722605E0C004A18A7 /* Release */,
			);
			defaultConfigurationIsVisible = 0;
			defaultConfigurationName = Release;
		};
		2935E86822605E0C004A18A7 /* Build configuration list for PBXNativeTarget "BurntToastTests" */ = {
			isa = XCConfigurationList;
			buildConfigurations = (
				2935E86922605E0C004A18A7 /* Debug */,
				2935E86A22605E0C004A18A7 /* Release */,
			);
			defaultConfigurationIsVisible = 0;
			defaultConfigurationName = Release;
		};
		2935E86B22605E0C004A18A7 /* Build configuration list for PBXNativeTarget "BurntToastUITests" */ = {
			isa = XCConfigurationList;
			buildConfigurations = (
				2935E86C22605E0C004A18A7 /* Debug */,
				2935E86D22605E0C004A18A7 /* Release */,
			);
			defaultConfigurationIsVisible = 0;
			defaultConfigurationName = Release;
		};
/* End XCConfigurationList section */
	};
	rootObject = 2935E83522605E0A004A18A7 /* Project object */;
}
